// !$*UTF8*$!
{
	archiveVersion = 1;
	classes = {
	};
	objectVersion = 50;
	objects = {

/* Begin PBXBuildFile section */
		182DBD2B2149B63E0010293D /* Constants.swift in Sources */ = {isa = PBXBuildFile; fileRef = 182DBD2A2149B63E0010293D /* Constants.swift */; };
		182DBD2D214A467A0010293D /* AlertHelper.swift in Sources */ = {isa = PBXBuildFile; fileRef = 182DBD2C214A467A0010293D /* AlertHelper.swift */; };
		1830572B216F1D6100D17D62 /* ResultViewController.swift in Sources */ = {isa = PBXBuildFile; fileRef = 1830572A216F1D6100D17D62 /* ResultViewController.swift */; };
		1833C3EA21536ED000C0A1B8 /* TableViewCell.swift in Sources */ = {isa = PBXBuildFile; fileRef = 1833C3E921536ED000C0A1B8 /* TableViewCell.swift */; };
		186D4436214115D800DA3F98 /* AppDelegate.swift in Sources */ = {isa = PBXBuildFile; fileRef = 186D4435214115D800DA3F98 /* AppDelegate.swift */; };
		186D4438214115D800DA3F98 /* ViewController.swift in Sources */ = {isa = PBXBuildFile; fileRef = 186D4437214115D800DA3F98 /* ViewController.swift */; };
		186D443B214115D800DA3F98 /* Main.storyboard in Resources */ = {isa = PBXBuildFile; fileRef = 186D4439214115D800DA3F98 /* Main.storyboard */; };
		186D443D214115DA00DA3F98 /* Assets.xcassets in Resources */ = {isa = PBXBuildFile; fileRef = 186D443C214115DA00DA3F98 /* Assets.xcassets */; };
		186D4440214115DA00DA3F98 /* LaunchScreen.storyboard in Resources */ = {isa = PBXBuildFile; fileRef = 186D443E214115DA00DA3F98 /* LaunchScreen.storyboard */; };
		187430AE218ACB25006C7D36 /* DetailsViewController.swift in Sources */ = {isa = PBXBuildFile; fileRef = 187430AD218ACB25006C7D36 /* DetailsViewController.swift */; };
		187430B0218ACCE8006C7D36 /* DetailsViewController.storyboard in Resources */ = {isa = PBXBuildFile; fileRef = 187430AF218ACCE8006C7D36 /* DetailsViewController.storyboard */; };
		1874AE55217DB7DB0050A95C /* PhotoManager.swift in Sources */ = {isa = PBXBuildFile; fileRef = 1874AE54217DB7DB0050A95C /* PhotoManager.swift */; };
		18810057217B0C620071E4AF /* Model.swift in Sources */ = {isa = PBXBuildFile; fileRef = 18810056217B0C620071E4AF /* Model.swift */; };
		18810059217B0CAF0071E4AF /* UserDefaultsManager.swift in Sources */ = {isa = PBXBuildFile; fileRef = 18810058217B0CAF0071E4AF /* UserDefaultsManager.swift */; };
		1881005B217B1B180071E4AF /* PhotoModel.swift in Sources */ = {isa = PBXBuildFile; fileRef = 1881005A217B1B180071E4AF /* PhotoModel.swift */; };
		189FB502218A056E00FF3DC5 /* PhotosViewController.swift in Sources */ = {isa = PBXBuildFile; fileRef = 189FB501218A056E00FF3DC5 /* PhotosViewController.swift */; };
		189FB50A218A0FC800FF3DC5 /* Async.swift in Sources */ = {isa = PBXBuildFile; fileRef = 189FB509218A0FC800FF3DC5 /* Async.swift */; };
		189FB50D218A126200FF3DC5 /* CollectionViewCell.swift in Sources */ = {isa = PBXBuildFile; fileRef = 189FB50B218A126200FF3DC5 /* CollectionViewCell.swift */; };
		189FB50E218A126200FF3DC5 /* CollectionViewCell.xib in Resources */ = {isa = PBXBuildFile; fileRef = 189FB50C218A126200FF3DC5 /* CollectionViewCell.xib */; };
		D13E83E7E11ED9E328AF095F /* Pods_Task_two.framework in Frameworks */ = {isa = PBXBuildFile; fileRef = FBED5D9A1272CA13C358B8C3 /* Pods_Task_two.framework */; };
/* End PBXBuildFile section */

/* Begin PBXFileReference section */
		182DBD2A2149B63E0010293D /* Constants.swift */ = {isa = PBXFileReference; lastKnownFileType = sourcecode.swift; path = Constants.swift; sourceTree = "<group>"; };
		182DBD2C214A467A0010293D /* AlertHelper.swift */ = {isa = PBXFileReference; lastKnownFileType = sourcecode.swift; path = AlertHelper.swift; sourceTree = "<group>"; };
		1830572A216F1D6100D17D62 /* ResultViewController.swift */ = {isa = PBXFileReference; lastKnownFileType = sourcecode.swift; path = ResultViewController.swift; sourceTree = "<group>"; };
		1833C3E921536ED000C0A1B8 /* TableViewCell.swift */ = {isa = PBXFileReference; lastKnownFileType = sourcecode.swift; path = TableViewCell.swift; sourceTree = "<group>"; };
		186D4432214115D800DA3F98 /* Task-two.app */ = {isa = PBXFileReference; explicitFileType = wrapper.application; includeInIndex = 0; path = "Task-two.app"; sourceTree = BUILT_PRODUCTS_DIR; };
		186D4435214115D800DA3F98 /* AppDelegate.swift */ = {isa = PBXFileReference; lastKnownFileType = sourcecode.swift; path = AppDelegate.swift; sourceTree = "<group>"; };
		186D4437214115D800DA3F98 /* ViewController.swift */ = {isa = PBXFileReference; lastKnownFileType = sourcecode.swift; path = ViewController.swift; sourceTree = "<group>"; };
		186D443A214115D800DA3F98 /* Base */ = {isa = PBXFileReference; lastKnownFileType = file.storyboard; name = Base; path = Base.lproj/Main.storyboard; sourceTree = "<group>"; };
		186D443C214115DA00DA3F98 /* Assets.xcassets */ = {isa = PBXFileReference; lastKnownFileType = folder.assetcatalog; path = Assets.xcassets; sourceTree = "<group>"; };
		186D443F214115DA00DA3F98 /* Base */ = {isa = PBXFileReference; lastKnownFileType = file.storyboard; name = Base; path = Base.lproj/LaunchScreen.storyboard; sourceTree = "<group>"; };
		186D4441214115DA00DA3F98 /* Info.plist */ = {isa = PBXFileReference; lastKnownFileType = text.plist.xml; path = Info.plist; sourceTree = "<group>"; };
		187430AD218ACB25006C7D36 /* DetailsViewController.swift */ = {isa = PBXFileReference; lastKnownFileType = sourcecode.swift; path = DetailsViewController.swift; sourceTree = "<group>"; };
		187430AF218ACCE8006C7D36 /* DetailsViewController.storyboard */ = {isa = PBXFileReference; lastKnownFileType = file.storyboard; path = DetailsViewController.storyboard; sourceTree = "<group>"; };
		1874AE54217DB7DB0050A95C /* PhotoManager.swift */ = {isa = PBXFileReference; lastKnownFileType = sourcecode.swift; path = PhotoManager.swift; sourceTree = "<group>"; };
		18810056217B0C620071E4AF /* Model.swift */ = {isa = PBXFileReference; lastKnownFileType = sourcecode.swift; path = Model.swift; sourceTree = "<group>"; };
		18810058217B0CAF0071E4AF /* UserDefaultsManager.swift */ = {isa = PBXFileReference; lastKnownFileType = sourcecode.swift; path = UserDefaultsManager.swift; sourceTree = "<group>"; };
		1881005A217B1B180071E4AF /* PhotoModel.swift */ = {isa = PBXFileReference; lastKnownFileType = sourcecode.swift; path = PhotoModel.swift; sourceTree = "<group>"; };
		189FB501218A056E00FF3DC5 /* PhotosViewController.swift */ = {isa = PBXFileReference; lastKnownFileType = sourcecode.swift; path = PhotosViewController.swift; sourceTree = "<group>"; };
		189FB509218A0FC800FF3DC5 /* Async.swift */ = {isa = PBXFileReference; lastKnownFileType = sourcecode.swift; path = Async.swift; sourceTree = "<group>"; };
		189FB50B218A126200FF3DC5 /* CollectionViewCell.swift */ = {isa = PBXFileReference; lastKnownFileType = sourcecode.swift; path = CollectionViewCell.swift; sourceTree = "<group>"; };
		189FB50C218A126200FF3DC5 /* CollectionViewCell.xib */ = {isa = PBXFileReference; lastKnownFileType = file.xib; path = CollectionViewCell.xib; sourceTree = "<group>"; };
		572938C744F0A3526CC37AB1 /* Pods-Task-two.release.xcconfig */ = {isa = PBXFileReference; includeInIndex = 1; lastKnownFileType = text.xcconfig; name = "Pods-Task-two.release.xcconfig"; path = "Pods/Target Support Files/Pods-Task-two/Pods-Task-two.release.xcconfig"; sourceTree = "<group>"; };
		DEC9704603945C9AF5A44DF3 /* Pods-Task-two.debug.xcconfig */ = {isa = PBXFileReference; includeInIndex = 1; lastKnownFileType = text.xcconfig; name = "Pods-Task-two.debug.xcconfig"; path = "Pods/Target Support Files/Pods-Task-two/Pods-Task-two.debug.xcconfig"; sourceTree = "<group>"; };
		FBED5D9A1272CA13C358B8C3 /* Pods_Task_two.framework */ = {isa = PBXFileReference; explicitFileType = wrapper.framework; includeInIndex = 0; path = Pods_Task_two.framework; sourceTree = BUILT_PRODUCTS_DIR; };
/* End PBXFileReference section */

/* Begin PBXFrameworksBuildPhase section */
		186D442F214115D800DA3F98 /* Frameworks */ = {
			isa = PBXFrameworksBuildPhase;
			buildActionMask = 2147483647;
			files = (
				D13E83E7E11ED9E328AF095F /* Pods_Task_two.framework in Frameworks */,
			);
			runOnlyForDeploymentPostprocessing = 0;
		};
/* End PBXFrameworksBuildPhase section */

/* Begin PBXGroup section */
		092B586E49C8470A7A7A49B5 /* Frameworks */ = {
			isa = PBXGroup;
			children = (
				FBED5D9A1272CA13C358B8C3 /* Pods_Task_two.framework */,
			);
			name = Frameworks;
			sourceTree = "<group>";
		};
		186D4429214115D800DA3F98 = {
			isa = PBXGroup;
			children = (
				186D4434214115D800DA3F98 /* Task-two */,
				186D4433214115D800DA3F98 /* Products */,
				A8EA2EED2444F675B6FF9973 /* Pods */,
				092B586E49C8470A7A7A49B5 /* Frameworks */,
			);
			sourceTree = "<group>";
		};
		186D4433214115D800DA3F98 /* Products */ = {
			isa = PBXGroup;
			children = (
				186D4432214115D800DA3F98 /* Task-two.app */,
			);
			name = Products;
			sourceTree = "<group>";
		};
		186D4434214115D800DA3F98 /* Task-two */ = {
			isa = PBXGroup;
			children = (
				189FB508218A0FA600FF3DC5 /* ConcurrencyUtils */,
				189FB507218A080900FF3DC5 /* Constants */,
				189FB506218A07FE00FF3DC5 /* Helper */,
				189FB505218A07DB00FF3DC5 /* Manager */,
				189FB504218A07CE00FF3DC5 /* Model */,
				189FB503218A07A200FF3DC5 /* View */,
				186D4435214115D800DA3F98 /* AppDelegate.swift */,
				186D4437214115D800DA3F98 /* ViewController.swift */,
				186D4439214115D800DA3F98 /* Main.storyboard */,
				187430AF218ACCE8006C7D36 /* DetailsViewController.storyboard */,
				189FB501218A056E00FF3DC5 /* PhotosViewController.swift */,
				187430AD218ACB25006C7D36 /* DetailsViewController.swift */,
				1830572A216F1D6100D17D62 /* ResultViewController.swift */,
				186D443C214115DA00DA3F98 /* Assets.xcassets */,
				186D443E214115DA00DA3F98 /* LaunchScreen.storyboard */,
				186D4441214115DA00DA3F98 /* Info.plist */,
			);
			path = "Task-two";
			sourceTree = "<group>";
		};
		189FB503218A07A200FF3DC5 /* View */ = {
			isa = PBXGroup;
			children = (
				1833C3E921536ED000C0A1B8 /* TableViewCell.swift */,
				189FB50B218A126200FF3DC5 /* CollectionViewCell.swift */,
				189FB50C218A126200FF3DC5 /* CollectionViewCell.xib */,
			);
			path = View;
			sourceTree = "<group>";
		};
		189FB504218A07CE00FF3DC5 /* Model */ = {
			isa = PBXGroup;
			children = (
				1881005A217B1B180071E4AF /* PhotoModel.swift */,
				18810056217B0C620071E4AF /* Model.swift */,
			);
			path = Model;
			sourceTree = "<group>";
		};
		189FB505218A07DB00FF3DC5 /* Manager */ = {
			isa = PBXGroup;
			children = (
				1874AE54217DB7DB0050A95C /* PhotoManager.swift */,
				18810058217B0CAF0071E4AF /* UserDefaultsManager.swift */,
			);
			path = Manager;
			sourceTree = "<group>";
		};
		189FB506218A07FE00FF3DC5 /* Helper */ = {
			isa = PBXGroup;
			children = (
				182DBD2C214A467A0010293D /* AlertHelper.swift */,
			);
			path = Helper;
			sourceTree = "<group>";
		};
		189FB507218A080900FF3DC5 /* Constants */ = {
			isa = PBXGroup;
			children = (
				182DBD2A2149B63E0010293D /* Constants.swift */,
			);
			path = Constants;
			sourceTree = "<group>";
		};
		189FB508218A0FA600FF3DC5 /* ConcurrencyUtils */ = {
			isa = PBXGroup;
			children = (
				189FB509218A0FC800FF3DC5 /* Async.swift */,
			);
			path = ConcurrencyUtils;
			sourceTree = "<group>";
		};
		A8EA2EED2444F675B6FF9973 /* Pods */ = {
			isa = PBXGroup;
			children = (
				DEC9704603945C9AF5A44DF3 /* Pods-Task-two.debug.xcconfig */,
				572938C744F0A3526CC37AB1 /* Pods-Task-two.release.xcconfig */,
			);
			name = Pods;
			sourceTree = "<group>";
		};
/* End PBXGroup section */

/* Begin PBXNativeTarget section */
		186D4431214115D800DA3F98 /* Task-two */ = {
			isa = PBXNativeTarget;
			buildConfigurationList = 186D4444214115DA00DA3F98 /* Build configuration list for PBXNativeTarget "Task-two" */;
			buildPhases = (
				0843DB15983B1ACFC6098FF1 /* [CP] Check Pods Manifest.lock */,
				186D442E214115D800DA3F98 /* Sources */,
				186D442F214115D800DA3F98 /* Frameworks */,
				186D4430214115D800DA3F98 /* Resources */,
				5E689F701BD9DE2DF6DB01D6 /* [CP] Embed Pods Frameworks */,
			);
			buildRules = (
			);
			dependencies = (
			);
			name = "Task-two";
			productName = "Task-two";
			productReference = 186D4432214115D800DA3F98 /* Task-two.app */;
			productType = "com.apple.product-type.application";
		};
/* End PBXNativeTarget section */

/* Begin PBXProject section */
		186D442A214115D800DA3F98 /* Project object */ = {
			isa = PBXProject;
			attributes = {
				LastSwiftUpdateCheck = 0940;
				LastUpgradeCheck = 0940;
				ORGANIZATIONNAME = "Любчик";
				TargetAttributes = {
					186D4431214115D800DA3F98 = {
						CreatedOnToolsVersion = 9.4.1;
					};
				};
			};
			buildConfigurationList = 186D442D214115D800DA3F98 /* Build configuration list for PBXProject "Task-two" */;
			compatibilityVersion = "Xcode 9.3";
			developmentRegion = en;
			hasScannedForEncodings = 0;
			knownRegions = (
				en,
				Base,
			);
			mainGroup = 186D4429214115D800DA3F98;
			productRefGroup = 186D4433214115D800DA3F98 /* Products */;
			projectDirPath = "";
			projectRoot = "";
			targets = (
				186D4431214115D800DA3F98 /* Task-two */,
			);
		};
/* End PBXProject section */

/* Begin PBXResourcesBuildPhase section */
		186D4430214115D800DA3F98 /* Resources */ = {
			isa = PBXResourcesBuildPhase;
			buildActionMask = 2147483647;
			files = (
				186D4440214115DA00DA3F98 /* LaunchScreen.storyboard in Resources */,
				186D443D214115DA00DA3F98 /* Assets.xcassets in Resources */,
				189FB50E218A126200FF3DC5 /* CollectionViewCell.xib in Resources */,
				187430B0218ACCE8006C7D36 /* DetailsViewController.storyboard in Resources */,
				186D443B214115D800DA3F98 /* Main.storyboard in Resources */,
			);
			runOnlyForDeploymentPostprocessing = 0;
		};
/* End PBXResourcesBuildPhase section */

/* Begin PBXShellScriptBuildPhase section */
		0843DB15983B1ACFC6098FF1 /* [CP] Check Pods Manifest.lock */ = {
			isa = PBXShellScriptBuildPhase;
			buildActionMask = 2147483647;
			files = (
			);
			inputPaths = (
				"${PODS_PODFILE_DIR_PATH}/Podfile.lock",
				"${PODS_ROOT}/Manifest.lock",
			);
			name = "[CP] Check Pods Manifest.lock";
			outputPaths = (
				"$(DERIVED_FILE_DIR)/Pods-Task-two-checkManifestLockResult.txt",
			);
			runOnlyForDeploymentPostprocessing = 0;
			shellPath = /bin/sh;
			shellScript = "diff \"${PODS_PODFILE_DIR_PATH}/Podfile.lock\" \"${PODS_ROOT}/Manifest.lock\" > /dev/null\nif [ $? != 0 ] ; then\n    # print error to STDERR\n    echo \"error: The sandbox is not in sync with the Podfile.lock. Run 'pod install' or update your CocoaPods installation.\" >&2\n    exit 1\nfi\n# This output is used by Xcode 'outputs' to avoid re-running this script phase.\necho \"SUCCESS\" > \"${SCRIPT_OUTPUT_FILE_0}\"\n";
			showEnvVarsInLog = 0;
		};
		5E689F701BD9DE2DF6DB01D6 /* [CP] Embed Pods Frameworks */ = {
			isa = PBXShellScriptBuildPhase;
			buildActionMask = 2147483647;
			files = (
			);
			inputPaths = (
				"${SRCROOT}/Pods/Target Support Files/Pods-Task-two/Pods-Task-two-frameworks.sh",
				"${BUILT_PRODUCTS_DIR}/Alamofire/Alamofire.framework",
				"${BUILT_PRODUCTS_DIR}/SDWebImage/SDWebImage.framework",
				"${BUILT_PRODUCTS_DIR}/SwiftyJSON/SwiftyJSON.framework",
			);
			name = "[CP] Embed Pods Frameworks";
			outputPaths = (
				"${TARGET_BUILD_DIR}/${FRAMEWORKS_FOLDER_PATH}/Alamofire.framework",
				"${TARGET_BUILD_DIR}/${FRAMEWORKS_FOLDER_PATH}/SDWebImage.framework",
				"${TARGET_BUILD_DIR}/${FRAMEWORKS_FOLDER_PATH}/SwiftyJSON.framework",
			);
			runOnlyForDeploymentPostprocessing = 0;
			shellPath = /bin/sh;
			shellScript = "\"${SRCROOT}/Pods/Target Support Files/Pods-Task-two/Pods-Task-two-frameworks.sh\"\n";
			showEnvVarsInLog = 0;
		};
/* End PBXShellScriptBuildPhase section */

/* Begin PBXSourcesBuildPhase section */
		186D442E214115D800DA3F98 /* Sources */ = {
			isa = PBXSourcesBuildPhase;
			buildActionMask = 2147483647;
			files = (
				189FB50A218A0FC800FF3DC5 /* Async.swift in Sources */,
				182DBD2D214A467A0010293D /* AlertHelper.swift in Sources */,
				189FB502218A056E00FF3DC5 /* PhotosViewController.swift in Sources */,
				186D4438214115D800DA3F98 /* ViewController.swift in Sources */,
				1874AE55217DB7DB0050A95C /* PhotoManager.swift in Sources */,
				186D4436214115D800DA3F98 /* AppDelegate.swift in Sources */,
				182DBD2B2149B63E0010293D /* Constants.swift in Sources */,
				1833C3EA21536ED000C0A1B8 /* TableViewCell.swift in Sources */,
				189FB50D218A126200FF3DC5 /* CollectionViewCell.swift in Sources */,
				1830572B216F1D6100D17D62 /* ResultViewController.swift in Sources */,
				18810059217B0CAF0071E4AF /* UserDefaultsManager.swift in Sources */,
				187430AE218ACB25006C7D36 /* DetailsViewController.swift in Sources */,
				1881005B217B1B180071E4AF /* PhotoModel.swift in Sources */,
				18810057217B0C620071E4AF /* Model.swift in Sources */,
			);
			runOnlyForDeploymentPostprocessing = 0;
		};
/* End PBXSourcesBuildPhase section */

/* Begin PBXVariantGroup section */
		186D4439214115D800DA3F98 /* Main.storyboard */ = {
			isa = PBXVariantGroup;
			children = (
				186D443A214115D800DA3F98 /* Base */,
			);
			name = Main.storyboard;
			sourceTree = "<group>";
		};
		186D443E214115DA00DA3F98 /* LaunchScreen.storyboard */ = {
			isa = PBXVariantGroup;
			children = (
				186D443F214115DA00DA3F98 /* Base */,
			);
			name = LaunchScreen.storyboard;
			sourceTree = "<group>";
		};
/* End PBXVariantGroup section */

/* Begin XCBuildConfiguration section */
		186D4442214115DA00DA3F98 /* Debug */ = {
			isa = XCBuildConfiguration;
			buildSettings = {
				ALWAYS_SEARCH_USER_PATHS = NO;
				CLANG_ANALYZER_NONNULL = YES;
				CLANG_ANALYZER_NUMBER_OBJECT_CONVERSION = YES_AGGRESSIVE;
				CLANG_CXX_LANGUAGE_STANDARD = "gnu++14";
				CLANG_CXX_LIBRARY = "libc++";
				CLANG_ENABLE_MODULES = YES;
				CLANG_ENABLE_OBJC_ARC = YES;
				CLANG_ENABLE_OBJC_WEAK = YES;
				CLANG_WARN_BLOCK_CAPTURE_AUTORELEASING = YES;
				CLANG_WARN_BOOL_CONVERSION = YES;
				CLANG_WARN_COMMA = YES;
				CLANG_WARN_CONSTANT_CONVERSION = YES;
				CLANG_WARN_DEPRECATED_OBJC_IMPLEMENTATIONS = YES;
				CLANG_WARN_DIRECT_OBJC_ISA_USAGE = YES_ERROR;
				CLANG_WARN_DOCUMENTATION_COMMENTS = YES;
				CLANG_WARN_EMPTY_BODY = YES;
				CLANG_WARN_ENUM_CONVERSION = YES;
				CLANG_WARN_INFINITE_RECURSION = YES;
				CLANG_WARN_INT_CONVERSION = YES;
				CLANG_WARN_NON_LITERAL_NULL_CONVERSION = YES;
				CLANG_WARN_OBJC_IMPLICIT_RETAIN_SELF = YES;
				CLANG_WARN_OBJC_LITERAL_CONVERSION = YES;
				CLANG_WARN_OBJC_ROOT_CLASS = YES_ERROR;
				CLANG_WARN_RANGE_LOOP_ANALYSIS = YES;
				CLANG_WARN_STRICT_PROTOTYPES = YES;
				CLANG_WARN_SUSPICIOUS_MOVE = YES;
				CLANG_WARN_UNGUARDED_AVAILABILITY = YES_AGGRESSIVE;
				CLANG_WARN_UNREACHABLE_CODE = YES;
				CLANG_WARN__DUPLICATE_METHOD_MATCH = YES;
				CODE_SIGN_IDENTITY = "iPhone Developer";
				COPY_PHASE_STRIP = NO;
				DEBUG_INFORMATION_FORMAT = dwarf;
				ENABLE_STRICT_OBJC_MSGSEND = YES;
				ENABLE_TESTABILITY = YES;
				GCC_C_LANGUAGE_STANDARD = gnu11;
				GCC_DYNAMIC_NO_PIC = NO;
				GCC_NO_COMMON_BLOCKS = YES;
				GCC_OPTIMIZATION_LEVEL = 0;
				GCC_PREPROCESSOR_DEFINITIONS = (
					"DEBUG=1",
					"$(inherited)",
				);
				GCC_WARN_64_TO_32_BIT_CONVERSION = YES;
				GCC_WARN_ABOUT_RETURN_TYPE = YES_ERROR;
				GCC_WARN_UNDECLARED_SELECTOR = YES;
				GCC_WARN_UNINITIALIZED_AUTOS = YES_AGGRESSIVE;
				GCC_WARN_UNUSED_FUNCTION = YES;
				GCC_WARN_UNUSED_VARIABLE = YES;
				IPHONEOS_DEPLOYMENT_TARGET = 11.4;
				MTL_ENABLE_DEBUG_INFO = YES;
				ONLY_ACTIVE_ARCH = YES;
				SDKROOT = iphoneos;
				SWIFT_ACTIVE_COMPILATION_CONDITIONS = DEBUG;
				SWIFT_OPTIMIZATION_LEVEL = "-Onone";
			};
			name = Debug;
		};
		186D4443214115DA00DA3F98 /* Release */ = {
			isa = XCBuildConfiguration;
			buildSettings = {
				ALWAYS_SEARCH_USER_PATHS = NO;
				CLANG_ANALYZER_NONNULL = YES;
				CLANG_ANALYZER_NUMBER_OBJECT_CONVERSION = YES_AGGRESSIVE;
				CLANG_CXX_LANGUAGE_STANDARD = "gnu++14";
				CLANG_CXX_LIBRARY = "libc++";
				CLANG_ENABLE_MODULES = YES;
				CLANG_ENABLE_OBJC_ARC = YES;
				CLANG_ENABLE_OBJC_WEAK = YES;
				CLANG_WARN_BLOCK_CAPTURE_AUTORELEASING = YES;
				CLANG_WARN_BOOL_CONVERSION = YES;
				CLANG_WARN_COMMA = YES;
				CLANG_WARN_CONSTANT_CONVERSION = YES;
				CLANG_WARN_DEPRECATED_OBJC_IMPLEMENTATIONS = YES;
				CLANG_WARN_DIRECT_OBJC_ISA_USAGE = YES_ERROR;
				CLANG_WARN_DOCUMENTATION_COMMENTS = YES;
				CLANG_WARN_EMPTY_BODY = YES;
				CLANG_WARN_ENUM_CONVERSION = YES;
				CLANG_WARN_INFINITE_RECURSION = YES;
				CLANG_WARN_INT_CONVERSION = YES;
				CLANG_WARN_NON_LITERAL_NULL_CONVERSION = YES;
				CLANG_WARN_OBJC_IMPLICIT_RETAIN_SELF = YES;
				CLANG_WARN_OBJC_LITERAL_CONVERSION = YES;
				CLANG_WARN_OBJC_ROOT_CLASS = YES_ERROR;
				CLANG_WARN_RANGE_LOOP_ANALYSIS = YES;
				CLANG_WARN_STRICT_PROTOTYPES = YES;
				CLANG_WARN_SUSPICIOUS_MOVE = YES;
				CLANG_WARN_UNGUARDED_AVAILABILITY = YES_AGGRESSIVE;
				CLANG_WARN_UNREACHABLE_CODE = YES;
				CLANG_WARN__DUPLICATE_METHOD_MATCH = YES;
				CODE_SIGN_IDENTITY = "iPhone Developer";
				COPY_PHASE_STRIP = NO;
				DEBUG_INFORMATION_FORMAT = "dwarf-with-dsym";
				ENABLE_NS_ASSERTIONS = NO;
				ENABLE_STRICT_OBJC_MSGSEND = YES;
				GCC_C_LANGUAGE_STANDARD = gnu11;
				GCC_NO_COMMON_BLOCKS = YES;
				GCC_WARN_64_TO_32_BIT_CONVERSION = YES;
				GCC_WARN_ABOUT_RETURN_TYPE = YES_ERROR;
				GCC_WARN_UNDECLARED_SELECTOR = YES;
				GCC_WARN_UNINITIALIZED_AUTOS = YES_AGGRESSIVE;
				GCC_WARN_UNUSED_FUNCTION = YES;
				GCC_WARN_UNUSED_VARIABLE = YES;
				IPHONEOS_DEPLOYMENT_TARGET = 11.4;
				MTL_ENABLE_DEBUG_INFO = NO;
				SDKROOT = iphoneos;
				SWIFT_COMPILATION_MODE = wholemodule;
				SWIFT_OPTIMIZATION_LEVEL = "-O";
				VALIDATE_PRODUCT = YES;
			};
			name = Release;
		};
		186D4445214115DA00DA3F98 /* Debug */ = {
			isa = XCBuildConfiguration;
			baseConfigurationReference = DEC9704603945C9AF5A44DF3 /* Pods-Task-two.debug.xcconfig */;
			buildSettings = {
				ASSETCATALOG_COMPILER_APPICON_NAME = AppIcon;
				CODE_SIGN_STYLE = Automatic;
				DEVELOPMENT_TEAM = 65ZCMBX653;
				INFOPLIST_FILE = "Task-two/Info.plist";
				LD_RUNPATH_SEARCH_PATHS = (
					"$(inherited)",
					"@executable_path/Frameworks",
				);
				PRODUCT_BUNDLE_IDENTIFIER = com.Vergil.www;
				PRODUCT_NAME = "$(TARGET_NAME)";
				SWIFT_VERSION = 4.0;
				TARGETED_DEVICE_FAMILY = "1,2";
			};
			name = Debug;
		};
		186D4446214115DA00DA3F98 /* Release */ = {
			isa = XCBuildConfiguration;
			baseConfigurationReference = 572938C744F0A3526CC37AB1 /* Pods-Task-two.release.xcconfig */;
			buildSettings = {
				ASSETCATALOG_COMPILER_APPICON_NAME = AppIcon;
				CODE_SIGN_STYLE = Automatic;
				DEVELOPMENT_TEAM = 65ZCMBX653;
				INFOPLIST_FILE = "Task-two/Info.plist";
				LD_RUNPATH_SEARCH_PATHS = (
					"$(inherited)",
					"@executable_path/Frameworks",
				);
				PRODUCT_BUNDLE_IDENTIFIER = com.Vergil.www;
				PRODUCT_NAME = "$(TARGET_NAME)";
				SWIFT_VERSION = 4.0;
				TARGETED_DEVICE_FAMILY = "1,2";
			};
			name = Release;
		};
/* End XCBuildConfiguration section */

/* Begin XCConfigurationList section */
		186D442D214115D800DA3F98 /* Build configuration list for PBXProject "Task-two" */ = {
			isa = XCConfigurationList;
			buildConfigurations = (
				186D4442214115DA00DA3F98 /* Debug */,
				186D4443214115DA00DA3F98 /* Release */,
			);
			defaultConfigurationIsVisible = 0;
			defaultConfigurationName = Release;
		};
		186D4444214115DA00DA3F98 /* Build configuration list for PBXNativeTarget "Task-two" */ = {
			isa = XCConfigurationList;
			buildConfigurations = (
				186D4445214115DA00DA3F98 /* Debug */,
				186D4446214115DA00DA3F98 /* Release */,
			);
			defaultConfigurationIsVisible = 0;
			defaultConfigurationName = Release;
		};
/* End XCConfigurationList section */
	};
	rootObject = 186D442A214115D800DA3F98 /* Project object */;
}
